
Microsoft Visual Studio Solution File, Format Version 12.00
# Visual Studio Version 17
VisualStudioVersion = 17.2.32516.85
MinimumVisualStudioVersion = 10.0.40219.1
Project("{FAE04EC0-301F-11D3-BF4B-00C04F79EFBC}") = "WPFRestoran", "WPFRestoran\WPFRestoran.csproj", "{D1546783-FB3C-4D92-8471-02CA78679682}"
EndProject
Global
	GlobalSection(SolutionConfigurationPlatforms) = preSolution
		Debug|Any CPU = Debug|Any CPU
		Release|Any CPU = Release|Any CPU
	EndGlobalSection
	GlobalSection(ProjectConfigurationPlatforms) = postSolution
		{D1546783-FB3C-4D92-8471-02CA78679682}.Debug|Any CPU.ActiveCfg = Debug|Any CPU
		{D1546783-FB3C-4D92-8471-02CA78679682}.Debug|Any CPU.Build.0 = Debug|Any CPU
		{D1546783-FB3C-4D92-8471-02CA78679682}.Release|Any CPU.ActiveCfg = Release|Any CPU
		{D1546783-FB3C-4D92-8471-02CA78679682}.Release|Any CPU.Build.0 = Release|Any CPU
	EndGlobalSection
	GlobalSection(SolutionProperties) = preSolution
		HideSolutionNode = FALSE
	EndGlobalSection
	GlobalSection(ExtensibilityGlobals) = postSolution
		SolutionGuid = {CD185E84-EC4B-4EA0-97DD-F601F542AA1A}
	EndGlobalSection
EndGlobal
